
Microsoft Visual Studio Solution File, Format Version 11.00
# Visual Studio 2010
Project("{FAE04EC0-301F-11D3-BF4B-00C04F79EFBC}") = "AR-Translation-Unity", "Assembly-CSharp.csproj", "{170F89BD-6FB5-AB2E-AB38-E4CAC9CEEBBF}"
EndProject
Project("{FAE04EC0-301F-11D3-BF4B-00C04F79EFBC}") = "AR-Translation-Unity", "Assembly-CSharp-Editor.csproj", "{8917C6BF-7D93-32D5-1969-65D8EE4684C6}"
EndProject
Global
	GlobalSection(SolutionConfigurationPlatforms) = preSolution
		Debug|Any CPU = Debug|Any CPU
		Release|Any CPU = Release|Any CPU
	EndGlobalSection
	GlobalSection(ProjectConfigurationPlatforms) = postSolution
		{170F89BD-6FB5-AB2E-AB38-E4CAC9CEEBBF}.Debug|Any CPU.ActiveCfg = Debug|Any CPU
		{170F89BD-6FB5-AB2E-AB38-E4CAC9CEEBBF}.Debug|Any CPU.Build.0 = Debug|Any CPU
		{170F89BD-6FB5-AB2E-AB38-E4CAC9CEEBBF}.Release|Any CPU.ActiveCfg = Release|Any CPU
		{170F89BD-6FB5-AB2E-AB38-E4CAC9CEEBBF}.Release|Any CPU.Build.0 = Release|Any CPU
		{8917C6BF-7D93-32D5-1969-65D8EE4684C6}.Debug|Any CPU.ActiveCfg = Debug|Any CPU
		{8917C6BF-7D93-32D5-1969-65D8EE4684C6}.Debug|Any CPU.Build.0 = Debug|Any CPU
		{8917C6BF-7D93-32D5-1969-65D8EE4684C6}.Release|Any CPU.ActiveCfg = Release|Any CPU
		{8917C6BF-7D93-32D5-1969-65D8EE4684C6}.Release|Any CPU.Build.0 = Release|Any CPU
	EndGlobalSection
	GlobalSection(SolutionProperties) = preSolution
		HideSolutionNode = FALSE
	EndGlobalSection
	GlobalSection(MonoDevelopProperties) = preSolution
		StartupItem = Assembly-CSharp.csproj
	EndGlobalSection
EndGlobal
